// !$*UTF8*$!
{
	archiveVersion = 1;
	classes = {
	};
	objectVersion = 56;
	objects = {

/* Begin PBXBuildFile section */
		1758C30CD2673D29693D03AC /* awsconfiguration.json in Resources */ = {isa = PBXBuildFile; fileRef = 479E512E194005B7083A5C5E /* awsconfiguration.json */; };
		539259D7FE392500CCA544A1 /* amplifyconfiguration.json in Resources */ = {isa = PBXBuildFile; fileRef = FC504EC68316350A7A41C7EE /* amplifyconfiguration.json */; };
		594E6AC6BC1476D944277896 /* Pods_EmoryCrush.framework in Frameworks */ = {isa = PBXBuildFile; fileRef = 8F262B43D12612B867CB0DA8 /* Pods_EmoryCrush.framework */; };
		F02C83C02AC2B11F0085A6DA /* EmoryCrushApp.swift in Sources */ = {isa = PBXBuildFile; fileRef = F02C83BF2AC2B11F0085A6DA /* EmoryCrushApp.swift */; };
		F02C83C22AC2B11F0085A6DA /* ContentView.swift in Sources */ = {isa = PBXBuildFile; fileRef = F02C83C12AC2B11F0085A6DA /* ContentView.swift */; };
		F02C83C42AC2B1200085A6DA /* Assets.xcassets in Resources */ = {isa = PBXBuildFile; fileRef = F02C83C32AC2B1200085A6DA /* Assets.xcassets */; };
		F02C83C72AC2B1200085A6DA /* Preview Assets.xcassets in Resources */ = {isa = PBXBuildFile; fileRef = F02C83C62AC2B1200085A6DA /* Preview Assets.xcassets */; };
/* End PBXBuildFile section */

/* Begin PBXFileReference section */
		3CD6EFA505B068D7BF98DA12 /* Pods-EmoryCrush.release.xcconfig */ = {isa = PBXFileReference; includeInIndex = 1; lastKnownFileType = text.xcconfig; name = "Pods-EmoryCrush.release.xcconfig"; path = "Target Support Files/Pods-EmoryCrush/Pods-EmoryCrush.release.xcconfig"; sourceTree = "<group>"; };
		479E512E194005B7083A5C5E /* awsconfiguration.json */ = {isa = PBXFileReference; explicitFileType = text.json; lastKnownFileType = text.json; name = awsconfiguration.json; path = awsconfiguration.json; sourceTree = "<group>"; };
		50B7DD5D7D13DB9735173568 /* Pods-EmoryCrush.debug.xcconfig */ = {isa = PBXFileReference; includeInIndex = 1; lastKnownFileType = text.xcconfig; name = "Pods-EmoryCrush.debug.xcconfig"; path = "Target Support Files/Pods-EmoryCrush/Pods-EmoryCrush.debug.xcconfig"; sourceTree = "<group>"; };
		8F262B43D12612B867CB0DA8 /* Pods_EmoryCrush.framework */ = {isa = PBXFileReference; explicitFileType = wrapper.framework; includeInIndex = 0; path = Pods_EmoryCrush.framework; sourceTree = BUILT_PRODUCTS_DIR; };
		F02C83BC2AC2B11F0085A6DA /* EmoryCrush.app */ = {isa = PBXFileReference; explicitFileType = wrapper.application; includeInIndex = 0; path = EmoryCrush.app; sourceTree = BUILT_PRODUCTS_DIR; };
		F02C83BF2AC2B11F0085A6DA /* EmoryCrushApp.swift */ = {isa = PBXFileReference; lastKnownFileType = sourcecode.swift; path = EmoryCrushApp.swift; sourceTree = "<group>"; };
		F02C83C12AC2B11F0085A6DA /* ContentView.swift */ = {isa = PBXFileReference; lastKnownFileType = sourcecode.swift; path = ContentView.swift; sourceTree = "<group>"; };
		F02C83C32AC2B1200085A6DA /* Assets.xcassets */ = {isa = PBXFileReference; lastKnownFileType = folder.assetcatalog; path = Assets.xcassets; sourceTree = "<group>"; };
		F02C83C62AC2B1200085A6DA /* Preview Assets.xcassets */ = {isa = PBXFileReference; lastKnownFileType = folder.assetcatalog; path = "Preview Assets.xcassets"; sourceTree = "<group>"; };
		FC504EC68316350A7A41C7EE /* amplifyconfiguration.json */ = {isa = PBXFileReference; explicitFileType = text.json; lastKnownFileType = text.json; name = amplifyconfiguration.json; path = amplifyconfiguration.json; sourceTree = "<group>"; };
/* End PBXFileReference section */

/* Begin PBXFrameworksBuildPhase section */
		F02C83B92AC2B11F0085A6DA /* Frameworks */ = {
			isa = PBXFrameworksBuildPhase;
			buildActionMask = 2147483647;
			files = (
				594E6AC6BC1476D944277896 /* Pods_EmoryCrush.framework in Frameworks */,
			);
			runOnlyForDeploymentPostprocessing = 0;
		};
/* End PBXFrameworksBuildPhase section */

/* Begin PBXGroup section */
		46BA01A9FEEDDAA64461FF45 /* AmplifyConfig */ = {
			isa = PBXGroup;
			children = (
				479E512E194005B7083A5C5E /* awsconfiguration.json */,
				FC504EC68316350A7A41C7EE /* amplifyconfiguration.json */,
			);
			name = AmplifyConfig;
			sourceTree = "<group>";
		};
		85C9F519AAFD373CE67D904E /* Frameworks */ = {
			isa = PBXGroup;
			children = (
				8F262B43D12612B867CB0DA8 /* Pods_EmoryCrush.framework */,
			);
			name = Frameworks;
			sourceTree = "<group>";
		};
		F02C83B32AC2B11E0085A6DA = {
			isa = PBXGroup;
			children = (
				F02C83BE2AC2B11F0085A6DA /* EmoryCrush */,
				F02C83BD2AC2B11F0085A6DA /* Products */,
				FA9E9072191149E3A49AF65E /* Pods */,
				85C9F519AAFD373CE67D904E /* Frameworks */,
				46BA01A9FEEDDAA64461FF45 /* AmplifyConfig */,
			);
			sourceTree = "<group>";
		};
		F02C83BD2AC2B11F0085A6DA /* Products */ = {
			isa = PBXGroup;
			children = (
				F02C83BC2AC2B11F0085A6DA /* EmoryCrush.app */,
			);
			name = Products;
			sourceTree = "<group>";
		};
		F02C83BE2AC2B11F0085A6DA /* EmoryCrush */ = {
			isa = PBXGroup;
			children = (
				F02C83BF2AC2B11F0085A6DA /* EmoryCrushApp.swift */,
				F02C83C12AC2B11F0085A6DA /* ContentView.swift */,
				F02C83C32AC2B1200085A6DA /* Assets.xcassets */,
				F02C83C52AC2B1200085A6DA /* Preview Content */,
			);
			path = EmoryCrush;
			sourceTree = "<group>";
		};
		F02C83C52AC2B1200085A6DA /* Preview Content */ = {
			isa = PBXGroup;
			children = (
				F02C83C62AC2B1200085A6DA /* Preview Assets.xcassets */,
			);
			path = "Preview Content";
			sourceTree = "<group>";
		};
		FA9E9072191149E3A49AF65E /* Pods */ = {
			isa = PBXGroup;
			children = (
				50B7DD5D7D13DB9735173568 /* Pods-EmoryCrush.debug.xcconfig */,
				3CD6EFA505B068D7BF98DA12 /* Pods-EmoryCrush.release.xcconfig */,
			);
			name = Pods;
			path = Pods;
			sourceTree = "<group>";
		};
/* End PBXGroup section */

/* Begin PBXNativeTarget section */
		F02C83BB2AC2B11F0085A6DA /* EmoryCrush */ = {
			isa = PBXNativeTarget;
			buildConfigurationList = F02C83CA2AC2B1200085A6DA /* Build configuration list for PBXNativeTarget "EmoryCrush" */;
			buildPhases = (
				DE81D849CC1A6E9BBC597541 /* [CP] Check Pods Manifest.lock */,
				F02C83B82AC2B11F0085A6DA /* Sources */,
				F02C83B92AC2B11F0085A6DA /* Frameworks */,
				F02C83BA2AC2B11F0085A6DA /* Resources */,
				6DFF01CC1943E95BB6C71E15 /* [CP] Embed Pods Frameworks */,
			);
			buildRules = (
			);
			dependencies = (
			);
			name = EmoryCrush;
			productName = EmoryCrush;
			productReference = F02C83BC2AC2B11F0085A6DA /* EmoryCrush.app */;
			productType = "com.apple.product-type.application";
		};
/* End PBXNativeTarget section */

/* Begin PBXProject section */
		F02C83B42AC2B11E0085A6DA /* Project object */ = {
			isa = PBXProject;
			attributes = {
				BuildIndependentTargetsInParallel = 1;
				LastSwiftUpdateCheck = 1430;
				LastUpgradeCheck = 1430;
				TargetAttributes = {
					F02C83BB2AC2B11F0085A6DA = {
						CreatedOnToolsVersion = 14.3.1;
					};
				};
			};
			buildConfigurationList = F02C83B72AC2B11E0085A6DA /* Build configuration list for PBXProject "EmoryCrush" */;
			compatibilityVersion = "Xcode 14.0";
			developmentRegion = en;
			hasScannedForEncodings = 0;
			knownRegions = (
				en,
				Base,
			);
			mainGroup = F02C83B32AC2B11E0085A6DA;
			productRefGroup = F02C83BD2AC2B11F0085A6DA /* Products */;
			projectDirPath = "";
			projectRoot = "";
			targets = (
				F02C83BB2AC2B11F0085A6DA /* EmoryCrush */,
			);
		};
/* End PBXProject section */

/* Begin PBXResourcesBuildPhase section */
		F02C83BA2AC2B11F0085A6DA /* Resources */ = {
			isa = PBXResourcesBuildPhase;
			buildActionMask = 2147483647;
			files = (
				F02C83C72AC2B1200085A6DA /* Preview Assets.xcassets in Resources */,
				F02C83C42AC2B1200085A6DA /* Assets.xcassets in Resources */,
				1758C30CD2673D29693D03AC /* awsconfiguration.json in Resources */,
				539259D7FE392500CCA544A1 /* amplifyconfiguration.json in Resources */,
			);
			runOnlyForDeploymentPostprocessing = 0;
		};
/* End PBXResourcesBuildPhase section */

/* Begin PBXShellScriptBuildPhase section */
		6DFF01CC1943E95BB6C71E15 /* [CP] Embed Pods Frameworks */ = {
			isa = PBXShellScriptBuildPhase;
			buildActionMask = 2147483647;
			files = (
			);
			inputFileListPaths = (
				"${PODS_ROOT}/Target Support Files/Pods-EmoryCrush/Pods-EmoryCrush-frameworks-${CONFIGURATION}-input-files.xcfilelist",
			);
			inputPaths = (
			);
			name = "[CP] Embed Pods Frameworks";
			outputFileListPaths = (
				"${PODS_ROOT}/Target Support Files/Pods-EmoryCrush/Pods-EmoryCrush-frameworks-${CONFIGURATION}-output-files.xcfilelist",
			);
			outputPaths = (
			);
			runOnlyForDeploymentPostprocessing = 0;
			shellPath = /bin/sh;
			shellScript = "\"${PODS_ROOT}/Target Support Files/Pods-EmoryCrush/Pods-EmoryCrush-frameworks.sh\"\n";
			showEnvVarsInLog = 0;
		};
		DE81D849CC1A6E9BBC597541 /* [CP] Check Pods Manifest.lock */ = {
			isa = PBXShellScriptBuildPhase;
			buildActionMask = 2147483647;
			files = (
			);
			inputFileListPaths = (
			);
			inputPaths = (
				"${PODS_PODFILE_DIR_PATH}/Podfile.lock",
				"${PODS_ROOT}/Manifest.lock",
			);
			name = "[CP] Check Pods Manifest.lock";
			outputFileListPaths = (
			);
			outputPaths = (
				"$(DERIVED_FILE_DIR)/Pods-EmoryCrush-checkManifestLockResult.txt",
			);
			runOnlyForDeploymentPostprocessing = 0;
			shellPath = /bin/sh;
			shellScript = "diff \"${PODS_PODFILE_DIR_PATH}/Podfile.lock\" \"${PODS_ROOT}/Manifest.lock\" > /dev/null\nif [ $? != 0 ] ; then\n    # print error to STDERR\n    echo \"error: The sandbox is not in sync with the Podfile.lock. Run 'pod install' or update your CocoaPods installation.\" >&2\n    exit 1\nfi\n# This output is used by Xcode 'outputs' to avoid re-running this script phase.\necho \"SUCCESS\" > \"${SCRIPT_OUTPUT_FILE_0}\"\n";
			showEnvVarsInLog = 0;
		};
/* End PBXShellScriptBuildPhase section */

/* Begin PBXSourcesBuildPhase section */
		F02C83B82AC2B11F0085A6DA /* Sources */ = {
			isa = PBXSourcesBuildPhase;
			buildActionMask = 2147483647;
			files = (
				F02C83C22AC2B11F0085A6DA /* ContentView.swift in Sources */,
				F02C83C02AC2B11F0085A6DA /* EmoryCrushApp.swift in Sources */,
			);
			runOnlyForDeploymentPostprocessing = 0;
		};
/* End PBXSourcesBuildPhase section */

/* Begin XCBuildConfiguration section */
		F02C83C82AC2B1200085A6DA /* Debug */ = {
			isa = XCBuildConfiguration;
			buildSettings = {
				ALWAYS_SEARCH_USER_PATHS = NO;
				CLANG_ANALYZER_NONNULL = YES;
				CLANG_ANALYZER_NUMBER_OBJECT_CONVERSION = YES_AGGRESSIVE;
				CLANG_CXX_LANGUAGE_STANDARD = "gnu++20";
				CLANG_ENABLE_MODULES = YES;
				CLANG_ENABLE_OBJC_ARC = YES;
				CLANG_ENABLE_OBJC_WEAK = YES;
				CLANG_WARN_BLOCK_CAPTURE_AUTORELEASING = YES;
				CLANG_WARN_BOOL_CONVERSION = YES;
				CLANG_WARN_COMMA = YES;
				CLANG_WARN_CONSTANT_CONVERSION = YES;
				CLANG_WARN_DEPRECATED_OBJC_IMPLEMENTATIONS = YES;
				CLANG_WARN_DIRECT_OBJC_ISA_USAGE = YES_ERROR;
				CLANG_WARN_DOCUMENTATION_COMMENTS = YES;
				CLANG_WARN_EMPTY_BODY = YES;
				CLANG_WARN_ENUM_CONVERSION = YES;
				CLANG_WARN_INFINITE_RECURSION = YES;
				CLANG_WARN_INT_CONVERSION = YES;
				CLANG_WARN_NON_LITERAL_NULL_CONVERSION = YES;
				CLANG_WARN_OBJC_IMPLICIT_RETAIN_SELF = YES;
				CLANG_WARN_OBJC_LITERAL_CONVERSION = YES;
				CLANG_WARN_OBJC_ROOT_CLASS = YES_ERROR;
				CLANG_WARN_QUOTED_INCLUDE_IN_FRAMEWORK_HEADER = YES;
				CLANG_WARN_RANGE_LOOP_ANALYSIS = YES;
				CLANG_WARN_STRICT_PROTOTYPES = YES;
				CLANG_WARN_SUSPICIOUS_MOVE = YES;
				CLANG_WARN_UNGUARDED_AVAILABILITY = YES_AGGRESSIVE;
				CLANG_WARN_UNREACHABLE_CODE = YES;
				CLANG_WARN__DUPLICATE_METHOD_MATCH = YES;
				COPY_PHASE_STRIP = NO;
				DEBUG_INFORMATION_FORMAT = dwarf;
				ENABLE_STRICT_OBJC_MSGSEND = YES;
				ENABLE_TESTABILITY = YES;
				GCC_C_LANGUAGE_STANDARD = gnu11;
				GCC_DYNAMIC_NO_PIC = NO;
				GCC_NO_COMMON_BLOCKS = YES;
				GCC_OPTIMIZATION_LEVEL = 0;
				GCC_PREPROCESSOR_DEFINITIONS = (
					"DEBUG=1",
					"$(inherited)",
				);
				GCC_WARN_64_TO_32_BIT_CONVERSION = YES;
				GCC_WARN_ABOUT_RETURN_TYPE = YES_ERROR;
				GCC_WARN_UNDECLARED_SELECTOR = YES;
				GCC_WARN_UNINITIALIZED_AUTOS = YES_AGGRESSIVE;
				GCC_WARN_UNUSED_FUNCTION = YES;
				GCC_WARN_UNUSED_VARIABLE = YES;
				IPHONEOS_DEPLOYMENT_TARGET = 16.4;
				MTL_ENABLE_DEBUG_INFO = INCLUDE_SOURCE;
				MTL_FAST_MATH = YES;
				ONLY_ACTIVE_ARCH = YES;
				SDKROOT = iphoneos;
				SWIFT_ACTIVE_COMPILATION_CONDITIONS = DEBUG;
				SWIFT_OPTIMIZATION_LEVEL = "-Onone";
			};
			name = Debug;
		};
		F02C83C92AC2B1200085A6DA /* Release */ = {
			isa = XCBuildConfiguration;
			buildSettings = {
				ALWAYS_SEARCH_USER_PATHS = NO;
				CLANG_ANALYZER_NONNULL = YES;
				CLANG_ANALYZER_NUMBER_OBJECT_CONVERSION = YES_AGGRESSIVE;
				CLANG_CXX_LANGUAGE_STANDARD = "gnu++20";
				CLANG_ENABLE_MODULES = YES;
				CLANG_ENABLE_OBJC_ARC = YES;
				CLANG_ENABLE_OBJC_WEAK = YES;
				CLANG_WARN_BLOCK_CAPTURE_AUTORELEASING = YES;
				CLANG_WARN_BOOL_CONVERSION = YES;
				CLANG_WARN_COMMA = YES;
				CLANG_WARN_CONSTANT_CONVERSION = YES;
				CLANG_WARN_DEPRECATED_OBJC_IMPLEMENTATIONS = YES;
				CLANG_WARN_DIRECT_OBJC_ISA_USAGE = YES_ERROR;
				CLANG_WARN_DOCUMENTATION_COMMENTS = YES;
				CLANG_WARN_EMPTY_BODY = YES;
				CLANG_WARN_ENUM_CONVERSION = YES;
				CLANG_WARN_INFINITE_RECURSION = YES;
				CLANG_WARN_INT_CONVERSION = YES;
				CLANG_WARN_NON_LITERAL_NULL_CONVERSION = YES;
				CLANG_WARN_OBJC_IMPLICIT_RETAIN_SELF = YES;
				CLANG_WARN_OBJC_LITERAL_CONVERSION = YES;
				CLANG_WARN_OBJC_ROOT_CLASS = YES_ERROR;
				CLANG_WARN_QUOTED_INCLUDE_IN_FRAMEWORK_HEADER = YES;
				CLANG_WARN_RANGE_LOOP_ANALYSIS = YES;
				CLANG_WARN_STRICT_PROTOTYPES = YES;
				CLANG_WARN_SUSPICIOUS_MOVE = YES;
				CLANG_WARN_UNGUARDED_AVAILABILITY = YES_AGGRESSIVE;
				CLANG_WARN_UNREACHABLE_CODE = YES;
				CLANG_WARN__DUPLICATE_METHOD_MATCH = YES;
				COPY_PHASE_STRIP = NO;
				DEBUG_INFORMATION_FORMAT = "dwarf-with-dsym";
				ENABLE_NS_ASSERTIONS = NO;
				ENABLE_STRICT_OBJC_MSGSEND = YES;
				GCC_C_LANGUAGE_STANDARD = gnu11;
				GCC_NO_COMMON_BLOCKS = YES;
				GCC_WARN_64_TO_32_BIT_CONVERSION = YES;
				GCC_WARN_ABOUT_RETURN_TYPE = YES_ERROR;
				GCC_WARN_UNDECLARED_SELECTOR = YES;
				GCC_WARN_UNINITIALIZED_AUTOS = YES_AGGRESSIVE;
				GCC_WARN_UNUSED_FUNCTION = YES;
				GCC_WARN_UNUSED_VARIABLE = YES;
				IPHONEOS_DEPLOYMENT_TARGET = 16.4;
				MTL_ENABLE_DEBUG_INFO = NO;
				MTL_FAST_MATH = YES;
				SDKROOT = iphoneos;
				SWIFT_COMPILATION_MODE = wholemodule;
				SWIFT_OPTIMIZATION_LEVEL = "-O";
				VALIDATE_PRODUCT = YES;
			};
			name = Release;
		};
		F02C83CB2AC2B1200085A6DA /* Debug */ = {
			isa = XCBuildConfiguration;
			baseConfigurationReference = 50B7DD5D7D13DB9735173568 /* Pods-EmoryCrush.debug.xcconfig */;
			buildSettings = {
				ASSETCATALOG_COMPILER_APPICON_NAME = AppIcon;
				ASSETCATALOG_COMPILER_GLOBAL_ACCENT_COLOR_NAME = AccentColor;
				CODE_SIGN_STYLE = Automatic;
				CURRENT_PROJECT_VERSION = 1;
				DEVELOPMENT_ASSET_PATHS = "\"EmoryCrush/Preview Content\"";
				ENABLE_PREVIEWS = YES;
				GENERATE_INFOPLIST_FILE = YES;
				INFOPLIST_KEY_UIApplicationSceneManifest_Generation = YES;
				INFOPLIST_KEY_UIApplicationSupportsIndirectInputEvents = YES;
				INFOPLIST_KEY_UILaunchScreen_Generation = YES;
				INFOPLIST_KEY_UISupportedInterfaceOrientations_iPad = "UIInterfaceOrientationPortrait UIInterfaceOrientationPortraitUpsideDown UIInterfaceOrientationLandscapeLeft UIInterfaceOrientationLandscapeRight";
				INFOPLIST_KEY_UISupportedInterfaceOrientations_iPhone = "UIInterfaceOrientationPortrait UIInterfaceOrientationLandscapeLeft UIInterfaceOrientationLandscapeRight";
				LD_RUNPATH_SEARCH_PATHS = (
					"$(inherited)",
					"@executable_path/Frameworks",
				);
				MARKETING_VERSION = 1.0;
				PRODUCT_BUNDLE_IDENTIFIER = com.emory.EmoryCrush;
				PRODUCT_NAME = "$(TARGET_NAME)";
				SWIFT_EMIT_LOC_STRINGS = YES;
				SWIFT_VERSION = 5.0;
				TARGETED_DEVICE_FAMILY = "1,2";
			};
			name = Debug;
		};
		F02C83CC2AC2B1200085A6DA /* Release */ = {
			isa = XCBuildConfiguration;
			baseConfigurationReference = 3CD6EFA505B068D7BF98DA12 /* Pods-EmoryCrush.release.xcconfig */;
			buildSettings = {
				ASSETCATALOG_COMPILER_APPICON_NAME = AppIcon;
				ASSETCATALOG_COMPILER_GLOBAL_ACCENT_COLOR_NAME = AccentColor;
				CODE_SIGN_STYLE = Automatic;
				CURRENT_PROJECT_VERSION = 1;
				DEVELOPMENT_ASSET_PATHS = "\"EmoryCrush/Preview Content\"";
				ENABLE_PREVIEWS = YES;
				GENERATE_INFOPLIST_FILE = YES;
				INFOPLIST_KEY_UIApplicationSceneManifest_Generation = YES;
				INFOPLIST_KEY_UIApplicationSupportsIndirectInputEvents = YES;
				INFOPLIST_KEY_UILaunchScreen_Generation = YES;
				INFOPLIST_KEY_UISupportedInterfaceOrientations_iPad = "UIInterfaceOrientationPortrait UIInterfaceOrientationPortraitUpsideDown UIInterfaceOrientationLandscapeLeft UIInterfaceOrientationLandscapeRight";
				INFOPLIST_KEY_UISupportedInterfaceOrientations_iPhone = "UIInterfaceOrientationPortrait UIInterfaceOrientationLandscapeLeft UIInterfaceOrientationLandscapeRight";
				LD_RUNPATH_SEARCH_PATHS = (
					"$(inherited)",
					"@executable_path/Frameworks",
				);
				MARKETING_VERSION = 1.0;
				PRODUCT_BUNDLE_IDENTIFIER = com.emory.EmoryCrush;
				PRODUCT_NAME = "$(TARGET_NAME)";
				SWIFT_EMIT_LOC_STRINGS = YES;
				SWIFT_VERSION = 5.0;
				TARGETED_DEVICE_FAMILY = "1,2";
			};
			name = Release;
		};
/* End XCBuildConfiguration section */

/* Begin XCConfigurationList section */
		F02C83B72AC2B11E0085A6DA /* Build configuration list for PBXProject "EmoryCrush" */ = {
			isa = XCConfigurationList;
			buildConfigurations = (
				F02C83C82AC2B1200085A6DA /* Debug */,
				F02C83C92AC2B1200085A6DA /* Release */,
			);
			defaultConfigurationIsVisible = 0;
			defaultConfigurationName = Release;
		};
		F02C83CA2AC2B1200085A6DA /* Build configuration list for PBXNativeTarget "EmoryCrush" */ = {
			isa = XCConfigurationList;
			buildConfigurations = (
				F02C83CB2AC2B1200085A6DA /* Debug */,
				F02C83CC2AC2B1200085A6DA /* Release */,
			);
			defaultConfigurationIsVisible = 0;
			defaultConfigurationName = Release;
		};
/* End XCConfigurationList section */
	};
	rootObject = F02C83B42AC2B11E0085A6DA /* Project object */;
}
